name: Repair package lock

on:
  push:
    branches:
      - 'feat/**'

permissions:
  contents: write

jobs:
  repair:
    runs-on: ubuntu-latest
    steps:
      - name: Checkout
        uses: actions/checkout@v4

      - name: Setup Node.js
        uses: actions/setup-node@v4
        with:
          node-version: 22
          package-manager-cache: false

      - name: Regenerate package-lock.json
        run: |
          rm -f package-lock.json
          npm install --package-lock-only --ignore-scripts

      - name: Commit regenerated lockfile
        uses: stefanzweifel/git-auto-commit-action@v7
        with:
          commit_message: "fix: regenerate package lockfile"
          file_pattern: package-lock.json

# Temporary one-time repair; remove after the generated lockfile is committed.
